
Microsoft Visual Studio Solution File, Format Version 12.00
# Visual Studio 15
VisualStudioVersion = 15.0.27703.2035
MinimumVisualStudioVersion = 10.0.40219.1
Project("{FAE04EC0-301F-11D3-BF4B-00C04F79EFBC}") = "CompAnalytics.X9", "CompAnalytics.X9.csproj", "{74A63A65-CADA-4C8F-962C-EBEAFBDB374E}"
EndProject
Project("{FAE04EC0-301F-11D3-BF4B-00C04F79EFBC}") = "X937FormApp", "X937FormApp\X937FormApp.csproj", "{74C93C39-7038-4155-9DE6-59EB9D238DF7}"
EndProject
Global
	GlobalSection(SolutionConfigurationPlatforms) = preSolution
		Debug|Any CPU = Debug|Any CPU
		Release|Any CPU = Release|Any CPU
	EndGlobalSection
	GlobalSection(ProjectConfigurationPlatforms) = postSolution
		{74A63A65-CADA-4C8F-962C-EBEAFBDB374E}.Debug|Any CPU.ActiveCfg = Debug|Any CPU
		{74A63A65-CADA-4C8F-962C-EBEAFBDB374E}.Debug|Any CPU.Build.0 = Debug|Any CPU
		{74A63A65-CADA-4C8F-962C-EBEAFBDB374E}.Release|Any CPU.ActiveCfg = Release|Any CPU
		{74A63A65-CADA-4C8F-962C-EBEAFBDB374E}.Release|Any CPU.Build.0 = Release|Any CPU
		{74C93C39-7038-4155-9DE6-59EB9D238DF7}.Debug|Any CPU.ActiveCfg = Debug|Any CPU
		{74C93C39-7038-4155-9DE6-59EB9D238DF7}.Debug|Any CPU.Build.0 = Debug|Any CPU
		{74C93C39-7038-4155-9DE6-59EB9D238DF7}.Release|Any CPU.ActiveCfg = Release|Any CPU
		{74C93C39-7038-4155-9DE6-59EB9D238DF7}.Release|Any CPU.Build.0 = Release|Any CPU
	EndGlobalSection
	GlobalSection(SolutionProperties) = preSolution
		HideSolutionNode = FALSE
	EndGlobalSection
	GlobalSection(ExtensibilityGlobals) = postSolution
		SolutionGuid = {F06E3D10-A4F4-4130-801C-C8DB60917314}
	EndGlobalSection
EndGlobal
